
Microsoft Visual Studio Solution File, Format Version 12.00
# Visual Studio 14
VisualStudioVersion = 14.0.25420.1
MinimumVisualStudioVersion = 10.0.40219.1
Project("{FAE04EC0-301F-11D3-BF4B-00C04F79EFBC}") = "重命名", "重命名\重命名.csproj", "{0975B3A5-F9C5-4E51-9437-DC480436F0BE}"
EndProject
Global
	GlobalSection(SolutionConfigurationPlatforms) = preSolution
		Debug|Any CPU = Debug|Any CPU
		Release|Any CPU = Release|Any CPU
	EndGlobalSection
	GlobalSection(ProjectConfigurationPlatforms) = postSolution
		{0975B3A5-F9C5-4E51-9437-DC480436F0BE}.Debug|Any CPU.ActiveCfg = Debug|Any CPU
		{0975B3A5-F9C5-4E51-9437-DC480436F0BE}.Debug|Any CPU.Build.0 = Debug|Any CPU
		{0975B3A5-F9C5-4E51-9437-DC480436F0BE}.Release|Any CPU.ActiveCfg = Release|Any CPU
		{0975B3A5-F9C5-4E51-9437-DC480436F0BE}.Release|Any CPU.Build.0 = Release|Any CPU
	EndGlobalSection
	GlobalSection(SolutionProperties) = preSolution
		HideSolutionNode = FALSE
	EndGlobalSection
EndGlobal
